{
  "markbot": "125a5e80a44b0c56340c78f7988aaf80c8f64a34a75f0bcc57518154a9e65b36",
  "markbotignore": "030a4e6e1b3b6b510514a7ae54576e2c2ef762d56236c6414ef634955d96a126",
  "index.html": "3d001c5535d44d6243b999a7d2a468b323cec7172dc417dcc73b6b7ec3d168f9",
  "index-320.png": "a044a904ea79092ad1bc1ea0a620faa93c5af938047bb8cd25d728a54ab4f513",
  "index-400.png": "ef1ea1a9bd1096a75a4b65811d1edf30ebfd465d970a5e8816f1a0ca23f528a0",
  "index-608.png": "9ec6545626d3b9b4965c7420cdb7da14d095475b3be2d024c6e709cde5218be8",
  "index-960.png": "e91468d9d3c50f59440c4d641e0196703fff08cad06a80c4063a98205a5fab5c",
  "index-1440.png": "7de52c232b9b67ea280d67c078527f0d47b32f4e4c87d9f3f12b35721e0ae881"
}